
Microsoft Visual Studio Solution File, Format Version 12.00
# Visual Studio Version 16
VisualStudioVersion = 16.0.30611.23
MinimumVisualStudioVersion = 10.0.40219.1
Project("{FAE04EC0-301F-11D3-BF4B-00C04F79EFBC}") = "Assignment01", "Assignment01\Assignment01.csproj", "{D3F16793-D009-4935-89B8-0F4A3485A9CD}"
EndProject
Global
	GlobalSection(SolutionConfigurationPlatforms) = preSolution
		Debug|Any CPU = Debug|Any CPU
		Release|Any CPU = Release|Any CPU
	EndGlobalSection
	GlobalSection(ProjectConfigurationPlatforms) = postSolution
		{D3F16793-D009-4935-89B8-0F4A3485A9CD}.Debug|Any CPU.ActiveCfg = Debug|Any CPU
		{D3F16793-D009-4935-89B8-0F4A3485A9CD}.Debug|Any CPU.Build.0 = Debug|Any CPU
		{D3F16793-D009-4935-89B8-0F4A3485A9CD}.Release|Any CPU.ActiveCfg = Release|Any CPU
		{D3F16793-D009-4935-89B8-0F4A3485A9CD}.Release|Any CPU.Build.0 = Release|Any CPU
	EndGlobalSection
	GlobalSection(SolutionProperties) = preSolution
		HideSolutionNode = FALSE
	EndGlobalSection
	GlobalSection(ExtensibilityGlobals) = postSolution
		SolutionGuid = {70028F37-A802-4366-9AA7-F8842BF80DE9}
	EndGlobalSection
EndGlobal
